
Microsoft Visual Studio Solution File, Format Version 12.00
# Visual Studio 2013
VisualStudioVersion = 12.0.31101.0
MinimumVisualStudioVersion = 10.0.40219.1
Project("{FAE04EC0-301F-11D3-BF4B-00C04F79EFBC}") = "GuiaDoApostadorDominio", "GuiaDoApostadorDominio\GuiaDoApostadorDominio.csproj", "{153E5282-C079-4EB7-A626-6CF4A79AB2AC}"
EndProject
Project("{2150E333-8FDC-42A3-9474-1A3956D46DE8}") = "1 - Servicos", "1 - Servicos", "{3D6F4754-D5B0-4CBA-9DB7-2E693578A241}"
EndProject
Project("{2150E333-8FDC-42A3-9474-1A3956D46DE8}") = "2 - Dominio", "2 - Dominio", "{EA1D135E-57FB-4108-BABD-77423A99CA0F}"
EndProject
Project("{FAE04EC0-301F-11D3-BF4B-00C04F79EFBC}") = "GuiaDoApostador_Processo", "GuiaDoApostador_Processo\GuiaDoApostador_Processo.csproj", "{4C8047DA-30C6-4E63-AAE1-A5AFF5A2DD86}"
EndProject
Project("{2150E333-8FDC-42A3-9474-1A3956D46DE8}") = "0 - Apresentacao", "0 - Apresentacao", "{CAF654E2-50DC-45B0-80B2-1E606394D036}"
EndProject
Project("{E24C65DC-7377-472B-9ABA-BC803B73C61A}") = "GuiaDoApostadorApp", "GuiaDoApostadorApp\", "{E47E408A-4D66-42CE-9B99-1FB8333A4E95}"
	ProjectSection(WebsiteProperties) = preProject
		TargetFrameworkMoniker = ".NETFramework,Version%3Dv4.0"
		Debug.AspNetCompiler.VirtualPath = "/GuiaDoApostadorApp"
		Debug.AspNetCompiler.PhysicalPath = "GuiaDoApostadorApp\"
		Debug.AspNetCompiler.TargetPath = "PrecompiledWeb\GuiaDoApostadorApp\"
		Debug.AspNetCompiler.Updateable = "true"
		Debug.AspNetCompiler.ForceOverwrite = "true"
		Debug.AspNetCompiler.FixedNames = "false"
		Debug.AspNetCompiler.Debug = "True"
		Release.AspNetCompiler.VirtualPath = "/GuiaDoApostadorApp"
		Release.AspNetCompiler.PhysicalPath = "GuiaDoApostadorApp\"
		Release.AspNetCompiler.TargetPath = "PrecompiledWeb\GuiaDoApostadorApp\"
		Release.AspNetCompiler.Updateable = "true"
		Release.AspNetCompiler.ForceOverwrite = "true"
		Release.AspNetCompiler.FixedNames = "false"
		Release.AspNetCompiler.Debug = "False"
		VWDPort = "11563"
		SlnRelativePath = "GuiaDoApostadorApp\"
	EndProjectSection
EndProject
Project("{2150E333-8FDC-42A3-9474-1A3956D46DE8}") = "3 - Infraestrututra", "3 - Infraestrututra", "{13064512-D6AE-43DE-B868-87C1E63FF8F0}"
EndProject
Project("{FAE04EC0-301F-11D3-BF4B-00C04F79EFBC}") = "GuiaDoApostadorInfra", "GuiaDoApostadorInfra\GuiaDoApostadorInfra.csproj", "{A9FC9E7C-D3A1-4203-8BB6-3F9E6EDDE22F}"
EndProject
Project("{FAE04EC0-301F-11D3-BF4B-00C04F79EFBC}") = "GuiaDoApostadorWebApp", "GuiaDoApostadorWebApp\GuiaDoApostadorWebApp.csproj", "{38654626-6AEA-4D07-A1E7-D7093769F45A}"
EndProject
Project("{2150E333-8FDC-42A3-9474-1A3956D46DE8}") = "1.1 - Batches", "1.1 - Batches", "{BB34A28B-706D-4778-8EDE-CFE10843E16A}"
EndProject
Project("{FAE04EC0-301F-11D3-BF4B-00C04F79EFBC}") = "ObtemDadosAtuais", "GuiaDoApostador_ObtemDadosAtuais\ObtemDadosAtuais.csproj", "{8138A509-4FA6-4CC0-AAF8-3E9C52DC2B07}"
EndProject
Project("{2150E333-8FDC-42A3-9474-1A3956D46DE8}") = "1.2 - Services", "1.2 - Services", "{282CA4C2-8903-4777-9E31-A9DADE3C35BE}"
EndProject
Global
	GlobalSection(SolutionConfigurationPlatforms) = preSolution
		Debug|Any CPU = Debug|Any CPU
		Debug|Mixed Platforms = Debug|Mixed Platforms
		Debug|x86 = Debug|x86
		Release|Any CPU = Release|Any CPU
		Release|Mixed Platforms = Release|Mixed Platforms
		Release|x86 = Release|x86
	EndGlobalSection
	GlobalSection(ProjectConfigurationPlatforms) = postSolution
		{153E5282-C079-4EB7-A626-6CF4A79AB2AC}.Debug|Any CPU.ActiveCfg = Debug|Any CPU
		{153E5282-C079-4EB7-A626-6CF4A79AB2AC}.Debug|Any CPU.Build.0 = Debug|Any CPU
		{153E5282-C079-4EB7-A626-6CF4A79AB2AC}.Debug|Mixed Platforms.ActiveCfg = Debug|Any CPU
		{153E5282-C079-4EB7-A626-6CF4A79AB2AC}.Debug|Mixed Platforms.Build.0 = Debug|Any CPU
		{153E5282-C079-4EB7-A626-6CF4A79AB2AC}.Debug|x86.ActiveCfg = Debug|Any CPU
		{153E5282-C079-4EB7-A626-6CF4A79AB2AC}.Release|Any CPU.ActiveCfg = Release|Any CPU
		{153E5282-C079-4EB7-A626-6CF4A79AB2AC}.Release|Any CPU.Build.0 = Release|Any CPU
		{153E5282-C079-4EB7-A626-6CF4A79AB2AC}.Release|Mixed Platforms.ActiveCfg = Release|Any CPU
		{153E5282-C079-4EB7-A626-6CF4A79AB2AC}.Release|Mixed Platforms.Build.0 = Release|Any CPU
		{153E5282-C079-4EB7-A626-6CF4A79AB2AC}.Release|x86.ActiveCfg = Release|Any CPU
		{4C8047DA-30C6-4E63-AAE1-A5AFF5A2DD86}.Debug|Any CPU.ActiveCfg = Debug|x86
		{4C8047DA-30C6-4E63-AAE1-A5AFF5A2DD86}.Debug|Mixed Platforms.ActiveCfg = Debug|x86
		{4C8047DA-30C6-4E63-AAE1-A5AFF5A2DD86}.Debug|Mixed Platforms.Build.0 = Debug|x86
		{4C8047DA-30C6-4E63-AAE1-A5AFF5A2DD86}.Debug|x86.ActiveCfg = Debug|x86
		{4C8047DA-30C6-4E63-AAE1-A5AFF5A2DD86}.Debug|x86.Build.0 = Debug|x86
		{4C8047DA-30C6-4E63-AAE1-A5AFF5A2DD86}.Release|Any CPU.ActiveCfg = Release|x86
		{4C8047DA-30C6-4E63-AAE1-A5AFF5A2DD86}.Release|Mixed Platforms.ActiveCfg = Release|x86
		{4C8047DA-30C6-4E63-AAE1-A5AFF5A2DD86}.Release|Mixed Platforms.Build.0 = Release|x86
		{4C8047DA-30C6-4E63-AAE1-A5AFF5A2DD86}.Release|x86.ActiveCfg = Release|x86
		{4C8047DA-30C6-4E63-AAE1-A5AFF5A2DD86}.Release|x86.Build.0 = Release|x86
		{E47E408A-4D66-42CE-9B99-1FB8333A4E95}.Debug|Any CPU.ActiveCfg = Debug|Any CPU
		{E47E408A-4D66-42CE-9B99-1FB8333A4E95}.Debug|Any CPU.Build.0 = Debug|Any CPU
		{E47E408A-4D66-42CE-9B99-1FB8333A4E95}.Debug|Mixed Platforms.ActiveCfg = Debug|Any CPU
		{E47E408A-4D66-42CE-9B99-1FB8333A4E95}.Debug|Mixed Platforms.Build.0 = Debug|Any CPU
		{E47E408A-4D66-42CE-9B99-1FB8333A4E95}.Debug|x86.ActiveCfg = Debug|Any CPU
		{E47E408A-4D66-42CE-9B99-1FB8333A4E95}.Release|Any CPU.ActiveCfg = Debug|Any CPU
		{E47E408A-4D66-42CE-9B99-1FB8333A4E95}.Release|Any CPU.Build.0 = Debug|Any CPU
		{E47E408A-4D66-42CE-9B99-1FB8333A4E95}.Release|Mixed Platforms.ActiveCfg = Debug|Any CPU
		{E47E408A-4D66-42CE-9B99-1FB8333A4E95}.Release|Mixed Platforms.Build.0 = Debug|Any CPU
		{E47E408A-4D66-42CE-9B99-1FB8333A4E95}.Release|x86.ActiveCfg = Debug|Any CPU
		{A9FC9E7C-D3A1-4203-8BB6-3F9E6EDDE22F}.Debug|Any CPU.ActiveCfg = Debug|Any CPU
		{A9FC9E7C-D3A1-4203-8BB6-3F9E6EDDE22F}.Debug|Any CPU.Build.0 = Debug|Any CPU
		{A9FC9E7C-D3A1-4203-8BB6-3F9E6EDDE22F}.Debug|Mixed Platforms.ActiveCfg = Debug|Any CPU
		{A9FC9E7C-D3A1-4203-8BB6-3F9E6EDDE22F}.Debug|Mixed Platforms.Build.0 = Debug|Any CPU
		{A9FC9E7C-D3A1-4203-8BB6-3F9E6EDDE22F}.Debug|x86.ActiveCfg = Debug|Any CPU
		{A9FC9E7C-D3A1-4203-8BB6-3F9E6EDDE22F}.Release|Any CPU.ActiveCfg = Release|Any CPU
		{A9FC9E7C-D3A1-4203-8BB6-3F9E6EDDE22F}.Release|Any CPU.Build.0 = Release|Any CPU
		{A9FC9E7C-D3A1-4203-8BB6-3F9E6EDDE22F}.Release|Mixed Platforms.ActiveCfg = Release|Any CPU
		{A9FC9E7C-D3A1-4203-8BB6-3F9E6EDDE22F}.Release|Mixed Platforms.Build.0 = Release|Any CPU
		{A9FC9E7C-D3A1-4203-8BB6-3F9E6EDDE22F}.Release|x86.ActiveCfg = Release|Any CPU
		{38654626-6AEA-4D07-A1E7-D7093769F45A}.Debug|Any CPU.ActiveCfg = Debug|Any CPU
		{38654626-6AEA-4D07-A1E7-D7093769F45A}.Debug|Any CPU.Build.0 = Debug|Any CPU
		{38654626-6AEA-4D07-A1E7-D7093769F45A}.Debug|Mixed Platforms.ActiveCfg = Debug|Any CPU
		{38654626-6AEA-4D07-A1E7-D7093769F45A}.Debug|Mixed Platforms.Build.0 = Debug|Any CPU
		{38654626-6AEA-4D07-A1E7-D7093769F45A}.Debug|x86.ActiveCfg = Debug|Any CPU
		{38654626-6AEA-4D07-A1E7-D7093769F45A}.Release|Any CPU.ActiveCfg = Release|Any CPU
		{38654626-6AEA-4D07-A1E7-D7093769F45A}.Release|Any CPU.Build.0 = Release|Any CPU
		{38654626-6AEA-4D07-A1E7-D7093769F45A}.Release|Mixed Platforms.ActiveCfg = Release|Any CPU
		{38654626-6AEA-4D07-A1E7-D7093769F45A}.Release|Mixed Platforms.Build.0 = Release|Any CPU
		{38654626-6AEA-4D07-A1E7-D7093769F45A}.Release|x86.ActiveCfg = Release|Any CPU
		{8138A509-4FA6-4CC0-AAF8-3E9C52DC2B07}.Debug|Any CPU.ActiveCfg = Debug|Any CPU
		{8138A509-4FA6-4CC0-AAF8-3E9C52DC2B07}.Debug|Any CPU.Build.0 = Debug|Any CPU
		{8138A509-4FA6-4CC0-AAF8-3E9C52DC2B07}.Debug|Mixed Platforms.ActiveCfg = Debug|Any CPU
		{8138A509-4FA6-4CC0-AAF8-3E9C52DC2B07}.Debug|Mixed Platforms.Build.0 = Debug|Any CPU
		{8138A509-4FA6-4CC0-AAF8-3E9C52DC2B07}.Debug|x86.ActiveCfg = Debug|Any CPU
		{8138A509-4FA6-4CC0-AAF8-3E9C52DC2B07}.Release|Any CPU.ActiveCfg = Release|Any CPU
		{8138A509-4FA6-4CC0-AAF8-3E9C52DC2B07}.Release|Any CPU.Build.0 = Release|Any CPU
		{8138A509-4FA6-4CC0-AAF8-3E9C52DC2B07}.Release|Mixed Platforms.ActiveCfg = Release|Any CPU
		{8138A509-4FA6-4CC0-AAF8-3E9C52DC2B07}.Release|Mixed Platforms.Build.0 = Release|Any CPU
		{8138A509-4FA6-4CC0-AAF8-3E9C52DC2B07}.Release|x86.ActiveCfg = Release|Any CPU
	EndGlobalSection
	GlobalSection(SolutionProperties) = preSolution
		HideSolutionNode = FALSE
	EndGlobalSection
	GlobalSection(NestedProjects) = preSolution
		{153E5282-C079-4EB7-A626-6CF4A79AB2AC} = {EA1D135E-57FB-4108-BABD-77423A99CA0F}
		{4C8047DA-30C6-4E63-AAE1-A5AFF5A2DD86} = {BB34A28B-706D-4778-8EDE-CFE10843E16A}
		{E47E408A-4D66-42CE-9B99-1FB8333A4E95} = {CAF654E2-50DC-45B0-80B2-1E606394D036}
		{A9FC9E7C-D3A1-4203-8BB6-3F9E6EDDE22F} = {13064512-D6AE-43DE-B868-87C1E63FF8F0}
		{38654626-6AEA-4D07-A1E7-D7093769F45A} = {282CA4C2-8903-4777-9E31-A9DADE3C35BE}
		{BB34A28B-706D-4778-8EDE-CFE10843E16A} = {3D6F4754-D5B0-4CBA-9DB7-2E693578A241}
		{8138A509-4FA6-4CC0-AAF8-3E9C52DC2B07} = {BB34A28B-706D-4778-8EDE-CFE10843E16A}
		{282CA4C2-8903-4777-9E31-A9DADE3C35BE} = {3D6F4754-D5B0-4CBA-9DB7-2E693578A241}
	EndGlobalSection
EndGlobal
